# THIS IS AN AUTOGENERATED FILE. DO NOT EDIT THIS FILE DIRECTLY.
# yarn lockfile v1


array-uniq@1.0.2:
  version "1.0.2"
  resolved "https://registry.yarnpkg.com/array-uniq/-/array-uniq-1.0.2.tgz#5fcc373920775723cfd64d65c64bef53bf9eba6d"
  integrity sha1-X8w3OSB3VyPP1k1lxkvvU7+eum0=

debug@^4.0.1:
  version "4.3.4"
  resolved "https://registry.yarnpkg.com/debug/-/debug-4.3.4.tgz#1319f6579357f2338d3337d2cdd4914bb5dcc865"
  integrity sha512-PRWFHuSU3eDtQJPvnNY7Jcket1j0t5OuOsFzPPzsekD52Zl8qUfFIPEiswXqIvHWGVHOgX+7G/vCNNhehwxfkQ==
  dependencies:
    ms "2.1.2"

dotenv@^16.0.0:
  version "16.0.0"
  resolved "https://registry.yarnpkg.com/dotenv/-/dotenv-16.0.0.tgz#c619001253be89ebb638d027b609c75c26e47411"
  integrity sha512-qD9WU0MPM4SWLPJy/r2Be+2WgQj8plChsyrCNQzW/0WjvcJQiKQJ9mH3ZgB3fxbUUxgc/11ZJ0Fi5KiimWGz2Q==

minimist@^1.2.0:
  version "1.2.6"
  resolved "https://registry.yarnpkg.com/minimist/-/minimist-1.2.6.tgz#8637a5b759ea0d6e98702cfb3a9283323c93af44"
  integrity sha512-Jsjnk4bw3YJqYzbdyBiNsPWHPfO++UGG749Cxs6peCu5Xg4nrena6OVxOYxrQTqww0Jmwt+Ref8rggumkTLz9Q==

module-alias@^2.2.2:
  version "2.2.2"
  resolved "https://registry.yarnpkg.com/module-alias/-/module-alias-2.2.2.tgz#151cdcecc24e25739ff0aa6e51e1c5716974c0e0"
  integrity sha512-A/78XjoX2EmNvppVWEhM2oGk3x4lLxnkEA4jTbaK97QKSDjkIoOsKQlfylt/d3kKKi596Qy3NP5XrXJ6fZIC9Q==

ms@2.1.2:
  version "2.1.2"
  resolved "https://registry.yarnpkg.com/ms/-/ms-2.1.2.tgz#d09d1f357b443f493382a8eb3ccd183872ae6009"
  integrity sha512-sGkPx+VjMtmA6MX27oA4FBFELFCZZ4S4XqeGOXCv68tT+jb3vk/RyaKWP0PTKyWtmLSM0b+adUTEvbs1PEaH2w==

node-fetch@^2.2.0:
  version "2.6.7"
  resolved "https://registry.yarnpkg.com/node-fetch/-/node-fetch-2.6.7.tgz#24de9fba827e3b4ae44dc8b20256a379160052ad"
  integrity sha512-ZjMPFEfVx5j+y2yF35Kzx5sF7kDzxuDj6ziH4FFbOp87zKDZNx8yExJIb05OGF4Nlt9IHFIMBkRl41VdvcNdbQ==
  dependencies:
    whatwg-url "^5.0.0"

randombytes@2.0.3:
  version "2.0.3"
  resolved "https://registry.yarnpkg.com/randombytes/-/randombytes-2.0.3.tgz#674c99760901c3c4112771a31e521dc349cc09ec"
  integrity sha1-Z0yZdgkBw8QRJ3GjHlIdw0nMCew=

randomstring@^1.2.2:
  version "1.2.2"
  resolved "https://registry.yarnpkg.com/randomstring/-/randomstring-1.2.2.tgz#61b3d42624c7b1fcaaaba161c53452eb3d8fef1c"
  integrity sha512-9FByiB8guWZLbE+akdQiWE3I1I6w7Vn5El4o4y7o5bWQ6DWPcEOp+aLG7Jezc8BVRKKpgJd2ppRX0jnKu1YCfg==
  dependencies:
    array-uniq "1.0.2"
    randombytes "2.0.3"

sandwich-stream@^2.0.1:
  version "2.0.2"
  resolved "https://registry.yarnpkg.com/sandwich-stream/-/sandwich-stream-2.0.2.tgz#6d1feb6cf7e9fe9fadb41513459a72c2e84000fa"
  integrity sha512-jLYV0DORrzY3xaz/S9ydJL6Iz7essZeAfnAavsJ+zsJGZ1MOnsS52yRjU3uF3pJa/lla7+wisp//fxOwOH8SKQ==

telegraf@3.39:
  version "3.39.0"
  resolved "https://registry.yarnpkg.com/telegraf/-/telegraf-3.39.0.tgz#32a7ed464c80802fe3177619d2a9c53413487850"
  integrity sha512-6u5UyW2KpMS/hwC4DKLGlicK/rVSYCahPFgF14ioP6BzwcDwQlciHCB/oWguvxLJaYGrvY6crzLHfjupFTBPXw==
  dependencies:
    debug "^4.0.1"
    minimist "^1.2.0"
    module-alias "^2.2.2"
    node-fetch "^2.2.0"
    sandwich-stream "^2.0.1"
    typegram "^3.1.5"

tr46@~0.0.3:
  version "0.0.3"
  resolved "https://registry.yarnpkg.com/tr46/-/tr46-0.0.3.tgz#8184fd347dac9cdc185992f3a6622e14b9d9ab6a"
  integrity sha1-gYT9NH2snNwYWZLzpmIuFLnZq2o=

typegram@^3.1.5:
  version "3.9.1"
  resolved "https://registry.yarnpkg.com/typegram/-/typegram-3.9.1.tgz#b4ebfc83579ab01e8e95391e8f10e84abe265cdd"
  integrity sha512-vfFr2o0iX+amnUj1h/0c49y8bCvGwt6DgdmTVD732Kf81XG26vgFwNWj+33Ol+xORC7m0cqU2hPYGRtcGinwZg==

webidl-conversions@^3.0.0:
  version "3.0.1"
  resolved "https://registry.yarnpkg.com/webidl-conversions/-/webidl-conversions-3.0.1.tgz#24534275e2a7bc6be7bc86611cc16ae0a5654871"
  integrity sha1-JFNCdeKnvGvnvIZhHMFq4KVlSHE=

whatwg-url@^5.0.0:
  version "5.0.0"
  resolved "https://registry.yarnpkg.com/whatwg-url/-/whatwg-url-5.0.0.tgz#966454e8765462e37644d3626f6742ce8b70965d"
  integrity sha1-lmRU6HZUYuN2RNNib2dCzotwll0=
  dependencies:
    tr46 "~0.0.3"
    webidl-conversions "^3.0.0"
