# THIS IS AN AUTOGENERATED FILE. DO NOT EDIT THIS FILE DIRECTLY.
# yarn lockfile v1


"array-uniq@1.0.2":
  "integrity" "sha1-X8w3OSB3VyPP1k1lxkvvU7+eum0= sha512-GVYjmpL05al4dNlKJm53mKE4w9OOLiuVHWorsIA3YVz+Hu0hcn6PtE3Ydl0EqU7v+7ABC4mjjWsnLUxbpno+CA=="
  "resolved" "https://registry.npmjs.org/array-uniq/-/array-uniq-1.0.2.tgz"
  "version" "1.0.2"

"debug@^4.0.1":
  "integrity" "sha512-PRWFHuSU3eDtQJPvnNY7Jcket1j0t5OuOsFzPPzsekD52Zl8qUfFIPEiswXqIvHWGVHOgX+7G/vCNNhehwxfkQ=="
  "resolved" "https://registry.npmjs.org/debug/-/debug-4.3.4.tgz"
  "version" "4.3.4"
  dependencies:
    "ms" "2.1.2"

"dotenv@^16.0.0":
  "integrity" "sha512-qD9WU0MPM4SWLPJy/r2Be+2WgQj8plChsyrCNQzW/0WjvcJQiKQJ9mH3ZgB3fxbUUxgc/11ZJ0Fi5KiimWGz2Q=="
  "resolved" "https://registry.npmjs.org/dotenv/-/dotenv-16.0.0.tgz"
  "version" "16.0.0"

"minimist@^1.2.0":
  "integrity" "sha512-Jsjnk4bw3YJqYzbdyBiNsPWHPfO++UGG749Cxs6peCu5Xg4nrena6OVxOYxrQTqww0Jmwt+Ref8rggumkTLz9Q=="
  "resolved" "https://registry.npmjs.org/minimist/-/minimist-1.2.6.tgz"
  "version" "1.2.6"

"module-alias@^2.2.2":
  "integrity" "sha512-A/78XjoX2EmNvppVWEhM2oGk3x4lLxnkEA4jTbaK97QKSDjkIoOsKQlfylt/d3kKKi596Qy3NP5XrXJ6fZIC9Q=="
  "resolved" "https://registry.npmjs.org/module-alias/-/module-alias-2.2.2.tgz"
  "version" "2.2.2"

"ms@2.1.2":
  "integrity" "sha512-sGkPx+VjMtmA6MX27oA4FBFELFCZZ4S4XqeGOXCv68tT+jb3vk/RyaKWP0PTKyWtmLSM0b+adUTEvbs1PEaH2w=="
  "resolved" "https://registry.npmjs.org/ms/-/ms-2.1.2.tgz"
  "version" "2.1.2"

"node-fetch@^2.2.0":
  "integrity" "sha512-ZjMPFEfVx5j+y2yF35Kzx5sF7kDzxuDj6ziH4FFbOp87zKDZNx8yExJIb05OGF4Nlt9IHFIMBkRl41VdvcNdbQ=="
  "resolved" "https://registry.npmjs.org/node-fetch/-/node-fetch-2.6.7.tgz"
  "version" "2.6.7"
  dependencies:
    "whatwg-url" "^5.0.0"

"randombytes@2.0.3":
  "integrity" "sha1-Z0yZdgkBw8QRJ3GjHlIdw0nMCew= sha512-lDVjxQQFoCG1jcrP06LNo2lbWp4QTShEXnhActFBwYuHprllQV6VUpwreApsYqCgD+N1mHoqJ/BI/4eV4R2GYg=="
  "resolved" "https://registry.npmjs.org/randombytes/-/randombytes-2.0.3.tgz"
  "version" "2.0.3"

"randomstring@^1.2.2":
  "integrity" "sha512-9FByiB8guWZLbE+akdQiWE3I1I6w7Vn5El4o4y7o5bWQ6DWPcEOp+aLG7Jezc8BVRKKpgJd2ppRX0jnKu1YCfg=="
  "resolved" "https://registry.npmjs.org/randomstring/-/randomstring-1.2.2.tgz"
  "version" "1.2.2"
  dependencies:
    "array-uniq" "1.0.2"
    "randombytes" "2.0.3"

"sandwich-stream@^2.0.1":
  "integrity" "sha512-jLYV0DORrzY3xaz/S9ydJL6Iz7essZeAfnAavsJ+zsJGZ1MOnsS52yRjU3uF3pJa/lla7+wisp//fxOwOH8SKQ=="
  "resolved" "https://registry.npmjs.org/sandwich-stream/-/sandwich-stream-2.0.2.tgz"
  "version" "2.0.2"

"telegraf@3.39":
  "integrity" "sha512-6u5UyW2KpMS/hwC4DKLGlicK/rVSYCahPFgF14ioP6BzwcDwQlciHCB/oWguvxLJaYGrvY6crzLHfjupFTBPXw=="
  "resolved" "https://registry.npmjs.org/telegraf/-/telegraf-3.39.0.tgz"
  "version" "3.39.0"
  dependencies:
    "debug" "^4.0.1"
    "minimist" "^1.2.0"
    "module-alias" "^2.2.2"
    "node-fetch" "^2.2.0"
    "sandwich-stream" "^2.0.1"
    "typegram" "^3.1.5"

"tr46@~0.0.3":
  "integrity" "sha1-gYT9NH2snNwYWZLzpmIuFLnZq2o= sha512-N3WMsuqV66lT30CrXNbEjx4GEwlow3v6rr4mCcv6prnfwhS01rkgyFdjPNBYd9br7LpXV1+Emh01fHnq2Gdgrw=="
  "resolved" "https://registry.npmjs.org/tr46/-/tr46-0.0.3.tgz"
  "version" "0.0.3"

"typegram@^3.1.5":
  "integrity" "sha512-vfFr2o0iX+amnUj1h/0c49y8bCvGwt6DgdmTVD732Kf81XG26vgFwNWj+33Ol+xORC7m0cqU2hPYGRtcGinwZg=="
  "resolved" "https://registry.npmjs.org/typegram/-/typegram-3.9.1.tgz"
  "version" "3.9.1"

"webidl-conversions@^3.0.0":
  "integrity" "sha1-JFNCdeKnvGvnvIZhHMFq4KVlSHE= sha512-2JAn3z8AR6rjK8Sm8orRC0h/bcl/DqL7tRPdGZ4I1CjdF+EaMLmYxBHyXuKL849eucPFhvBoxMsflfOb8kxaeQ=="
  "resolved" "https://registry.npmjs.org/webidl-conversions/-/webidl-conversions-3.0.1.tgz"
  "version" "3.0.1"

"whatwg-url@^5.0.0":
  "integrity" "sha1-lmRU6HZUYuN2RNNib2dCzotwll0= sha512-saE57nupxk6v3HY35+jzBwYa0rKSy0XR8JSxZPwgLr7ys0IBzhGviA1/TUGJLmSVqs8pb9AnvICXEuOHLprYTw=="
  "resolved" "https://registry.npmjs.org/whatwg-url/-/whatwg-url-5.0.0.tgz"
  "version" "5.0.0"
  dependencies:
    "tr46" "~0.0.3"
    "webidl-conversions" "^3.0.0"
